// !$*UTF8*$!
{
	archiveVersion = 1;
	classes = {
	};
	objectVersion = 50;
	objects = {

/* Begin PBXBuildFile section */
		BC52F87E26326D2D006A17F0 /* AppDelegate.m in Sources */ = {isa = PBXBuildFile; fileRef = BC52F87D26326D2D006A17F0 /* AppDelegate.m */; };
		BC52F88426326D2D006A17F0 /* ViewController.m in Sources */ = {isa = PBXBuildFile; fileRef = BC52F88326326D2D006A17F0 /* ViewController.m */; };
		BC52F88726326D2D006A17F0 /* Main.storyboard in Resources */ = {isa = PBXBuildFile; fileRef = BC52F88526326D2D006A17F0 /* Main.storyboard */; };
		BC52F88926326D30006A17F0 /* Assets.xcassets in Resources */ = {isa = PBXBuildFile; fileRef = BC52F88826326D30006A17F0 /* Assets.xcassets */; };
		BC52F88C26326D30006A17F0 /* LaunchScreen.storyboard in Resources */ = {isa = PBXBuildFile; fileRef = BC52F88A26326D30006A17F0 /* LaunchScreen.storyboard */; };
		BC52F88F26326D30006A17F0 /* main.m in Sources */ = {isa = PBXBuildFile; fileRef = BC52F88E26326D30006A17F0 /* main.m */; };
		BC52F8AC263275AB006A17F0 /* ExampleOneViewController.m in Sources */ = {isa = PBXBuildFile; fileRef = BC52F8AB263275AB006A17F0 /* ExampleOneViewController.m */; };
		BC52F8B0263275E0006A17F0 /* ExampleTwoViewController.m in Sources */ = {isa = PBXBuildFile; fileRef = BC52F8AF263275E0006A17F0 /* ExampleTwoViewController.m */; };
		BC52F8B4263275EE006A17F0 /* ExampleThreeViewController.m in Sources */ = {isa = PBXBuildFile; fileRef = BC52F8B3263275EE006A17F0 /* ExampleThreeViewController.m */; };
		BC52F8DC2632A00F006A17F0 /* MYTreeItem.m in Sources */ = {isa = PBXBuildFile; fileRef = BC52F8D12632A00F006A17F0 /* MYTreeItem.m */; };
		BC52F8DD2632A00F006A17F0 /* MYTreeTableViewLayout.m in Sources */ = {isa = PBXBuildFile; fileRef = BC52F8D32632A00F006A17F0 /* MYTreeTableViewLayout.m */; };
		BC52F8DE2632A00F006A17F0 /* MYTreeTableView.m in Sources */ = {isa = PBXBuildFile; fileRef = BC52F8D52632A00F006A17F0 /* MYTreeTableView.m */; };
		BC52F8DF2632A00F006A17F0 /* MYTreeTableViewCell.m in Sources */ = {isa = PBXBuildFile; fileRef = BC52F8D62632A00F006A17F0 /* MYTreeTableViewCell.m */; };
		BC52F8E02632A00F006A17F0 /* MYTreeTableManager.m in Sources */ = {isa = PBXBuildFile; fileRef = BC52F8D82632A00F006A17F0 /* MYTreeTableManager.m */; };
		BC52F8E12632A00F006A17F0 /* MYTreeTableView.bundle in Resources */ = {isa = PBXBuildFile; fileRef = BC52F8DA2632A00F006A17F0 /* MYTreeTableView.bundle */; };
		BC52F8E52632A086006A17F0 /* DataService.m in Sources */ = {isa = PBXBuildFile; fileRef = BC52F8E42632A086006A17F0 /* DataService.m */; };
		BC52F8EA2632A1D4006A17F0 /* ExampleThreeViewCell.m in Sources */ = {isa = PBXBuildFile; fileRef = BC52F8E92632A1D4006A17F0 /* ExampleThreeViewCell.m */; };
		BC52F8EE2632A405006A17F0 /* cityResource.json in Resources */ = {isa = PBXBuildFile; fileRef = BC52F8ED2632A405006A17F0 /* cityResource.json */; };
/* End PBXBuildFile section */

/* Begin PBXFileReference section */
		BC52F87926326D2D006A17F0 /* MYTreeTableView.app */ = {isa = PBXFileReference; explicitFileType = wrapper.application; includeInIndex = 0; path = MYTreeTableView.app; sourceTree = BUILT_PRODUCTS_DIR; };
		BC52F87C26326D2D006A17F0 /* AppDelegate.h */ = {isa = PBXFileReference; lastKnownFileType = sourcecode.c.h; path = AppDelegate.h; sourceTree = "<group>"; };
		BC52F87D26326D2D006A17F0 /* AppDelegate.m */ = {isa = PBXFileReference; lastKnownFileType = sourcecode.c.objc; path = AppDelegate.m; sourceTree = "<group>"; };
		BC52F88226326D2D006A17F0 /* ViewController.h */ = {isa = PBXFileReference; lastKnownFileType = sourcecode.c.h; path = ViewController.h; sourceTree = "<group>"; };
		BC52F88326326D2D006A17F0 /* ViewController.m */ = {isa = PBXFileReference; lastKnownFileType = sourcecode.c.objc; path = ViewController.m; sourceTree = "<group>"; };
		BC52F88626326D2D006A17F0 /* Base */ = {isa = PBXFileReference; lastKnownFileType = file.storyboard; name = Base; path = Base.lproj/Main.storyboard; sourceTree = "<group>"; };
		BC52F88826326D30006A17F0 /* Assets.xcassets */ = {isa = PBXFileReference; lastKnownFileType = folder.assetcatalog; path = Assets.xcassets; sourceTree = "<group>"; };
		BC52F88B26326D30006A17F0 /* Base */ = {isa = PBXFileReference; lastKnownFileType = file.storyboard; name = Base; path = Base.lproj/LaunchScreen.storyboard; sourceTree = "<group>"; };
		BC52F88D26326D30006A17F0 /* Info.plist */ = {isa = PBXFileReference; lastKnownFileType = text.plist.xml; path = Info.plist; sourceTree = "<group>"; };
		BC52F88E26326D30006A17F0 /* main.m */ = {isa = PBXFileReference; lastKnownFileType = sourcecode.c.objc; path = main.m; sourceTree = "<group>"; };
		BC52F8AA263275AB006A17F0 /* ExampleOneViewController.h */ = {isa = PBXFileReference; lastKnownFileType = sourcecode.c.h; path = ExampleOneViewController.h; sourceTree = "<group>"; };
		BC52F8AB263275AB006A17F0 /* ExampleOneViewController.m */ = {isa = PBXFileReference; lastKnownFileType = sourcecode.c.objc; path = ExampleOneViewController.m; sourceTree = "<group>"; };
		BC52F8AE263275E0006A17F0 /* ExampleTwoViewController.h */ = {isa = PBXFileReference; lastKnownFileType = sourcecode.c.h; path = ExampleTwoViewController.h; sourceTree = "<group>"; };
		BC52F8AF263275E0006A17F0 /* ExampleTwoViewController.m */ = {isa = PBXFileReference; lastKnownFileType = sourcecode.c.objc; path = ExampleTwoViewController.m; sourceTree = "<group>"; };
		BC52F8B2263275EE006A17F0 /* ExampleThreeViewController.h */ = {isa = PBXFileReference; lastKnownFileType = sourcecode.c.h; path = ExampleThreeViewController.h; sourceTree = "<group>"; };
		BC52F8B3263275EE006A17F0 /* ExampleThreeViewController.m */ = {isa = PBXFileReference; lastKnownFileType = sourcecode.c.objc; path = ExampleThreeViewController.m; sourceTree = "<group>"; };
		BC52F8D12632A00F006A17F0 /* MYTreeItem.m */ = {isa = PBXFileReference; fileEncoding = 4; lastKnownFileType = sourcecode.c.objc; path = MYTreeItem.m; sourceTree = "<group>"; };
		BC52F8D22632A00F006A17F0 /* MYTreeTableViewCell.h */ = {isa = PBXFileReference; fileEncoding = 4; lastKnownFileType = sourcecode.c.h; path = MYTreeTableViewCell.h; sourceTree = "<group>"; };
		BC52F8D32632A00F006A17F0 /* MYTreeTableViewLayout.m */ = {isa = PBXFileReference; fileEncoding = 4; lastKnownFileType = sourcecode.c.objc; path = MYTreeTableViewLayout.m; sourceTree = "<group>"; };
		BC52F8D42632A00F006A17F0 /* MYTreeTableManager.h */ = {isa = PBXFileReference; fileEncoding = 4; lastKnownFileType = sourcecode.c.h; path = MYTreeTableManager.h; sourceTree = "<group>"; };
		BC52F8D52632A00F006A17F0 /* MYTreeTableView.m */ = {isa = PBXFileReference; fileEncoding = 4; lastKnownFileType = sourcecode.c.objc; path = MYTreeTableView.m; sourceTree = "<group>"; };
		BC52F8D62632A00F006A17F0 /* MYTreeTableViewCell.m */ = {isa = PBXFileReference; fileEncoding = 4; lastKnownFileType = sourcecode.c.objc; path = MYTreeTableViewCell.m; sourceTree = "<group>"; };
		BC52F8D72632A00F006A17F0 /* MYTreeItem.h */ = {isa = PBXFileReference; fileEncoding = 4; lastKnownFileType = sourcecode.c.h; path = MYTreeItem.h; sourceTree = "<group>"; };
		BC52F8D82632A00F006A17F0 /* MYTreeTableManager.m */ = {isa = PBXFileReference; fileEncoding = 4; lastKnownFileType = sourcecode.c.objc; path = MYTreeTableManager.m; sourceTree = "<group>"; };
		BC52F8D92632A00F006A17F0 /* MYTreeTableViewLayout.h */ = {isa = PBXFileReference; fileEncoding = 4; lastKnownFileType = sourcecode.c.h; path = MYTreeTableViewLayout.h; sourceTree = "<group>"; };
		BC52F8DA2632A00F006A17F0 /* MYTreeTableView.bundle */ = {isa = PBXFileReference; lastKnownFileType = "wrapper.plug-in"; path = MYTreeTableView.bundle; sourceTree = "<group>"; };
		BC52F8DB2632A00F006A17F0 /* MYTreeTableView.h */ = {isa = PBXFileReference; fileEncoding = 4; lastKnownFileType = sourcecode.c.h; path = MYTreeTableView.h; sourceTree = "<group>"; };
		BC52F8E32632A086006A17F0 /* DataService.h */ = {isa = PBXFileReference; fileEncoding = 4; lastKnownFileType = sourcecode.c.h; path = DataService.h; sourceTree = "<group>"; };
		BC52F8E42632A086006A17F0 /* DataService.m */ = {isa = PBXFileReference; fileEncoding = 4; lastKnownFileType = sourcecode.c.objc; path = DataService.m; sourceTree = "<group>"; };
		BC52F8E82632A1D4006A17F0 /* ExampleThreeViewCell.h */ = {isa = PBXFileReference; lastKnownFileType = sourcecode.c.h; path = ExampleThreeViewCell.h; sourceTree = "<group>"; };
		BC52F8E92632A1D4006A17F0 /* ExampleThreeViewCell.m */ = {isa = PBXFileReference; lastKnownFileType = sourcecode.c.objc; path = ExampleThreeViewCell.m; sourceTree = "<group>"; };
		BC52F8ED2632A405006A17F0 /* cityResource.json */ = {isa = PBXFileReference; fileEncoding = 4; lastKnownFileType = text.json; path = cityResource.json; sourceTree = "<group>"; };
/* End PBXFileReference section */

/* Begin PBXFrameworksBuildPhase section */
		BC52F87626326D2D006A17F0 /* Frameworks */ = {
			isa = PBXFrameworksBuildPhase;
			buildActionMask = 2147483647;
			files = (
			);
			runOnlyForDeploymentPostprocessing = 0;
		};
/* End PBXFrameworksBuildPhase section */

/* Begin PBXGroup section */
		BC52F87026326D2D006A17F0 = {
			isa = PBXGroup;
			children = (
				BC52F87B26326D2D006A17F0 /* MYTreeTableView */,
				BC52F87A26326D2D006A17F0 /* Products */,
			);
			sourceTree = "<group>";
		};
		BC52F87A26326D2D006A17F0 /* Products */ = {
			isa = PBXGroup;
			children = (
				BC52F87926326D2D006A17F0 /* MYTreeTableView.app */,
			);
			name = Products;
			sourceTree = "<group>";
		};
		BC52F87B26326D2D006A17F0 /* MYTreeTableView */ = {
			isa = PBXGroup;
			children = (
				BC52F8D02632A00F006A17F0 /* MYTreeTableView */,
				BC52F8A72632740F006A17F0 /* Example1 */,
				BC52F8A62632740F006A17F0 /* Example2 */,
				BC52F8A82632740F006A17F0 /* Example3 */,
				BC52F87C26326D2D006A17F0 /* AppDelegate.h */,
				BC52F87D26326D2D006A17F0 /* AppDelegate.m */,
				BC52F88226326D2D006A17F0 /* ViewController.h */,
				BC52F88326326D2D006A17F0 /* ViewController.m */,
				BC52F8E32632A086006A17F0 /* DataService.h */,
				BC52F8E42632A086006A17F0 /* DataService.m */,
				BC52F88826326D30006A17F0 /* Assets.xcassets */,
				BC52F88526326D2D006A17F0 /* Main.storyboard */,
				BC52F88A26326D30006A17F0 /* LaunchScreen.storyboard */,
				BC52F88E26326D30006A17F0 /* main.m */,
				BC52F88D26326D30006A17F0 /* Info.plist */,
				BC52F8EC2632A405006A17F0 /* Resource */,
			);
			path = MYTreeTableView;
			sourceTree = "<group>";
		};
		BC52F8A62632740F006A17F0 /* Example2 */ = {
			isa = PBXGroup;
			children = (
				BC52F8AE263275E0006A17F0 /* ExampleTwoViewController.h */,
				BC52F8AF263275E0006A17F0 /* ExampleTwoViewController.m */,
			);
			path = Example2;
			sourceTree = "<group>";
		};
		BC52F8A72632740F006A17F0 /* Example1 */ = {
			isa = PBXGroup;
			children = (
				BC52F8AA263275AB006A17F0 /* ExampleOneViewController.h */,
				BC52F8AB263275AB006A17F0 /* ExampleOneViewController.m */,
			);
			path = Example1;
			sourceTree = "<group>";
		};
		BC52F8A82632740F006A17F0 /* Example3 */ = {
			isa = PBXGroup;
			children = (
				BC52F8B2263275EE006A17F0 /* ExampleThreeViewController.h */,
				BC52F8B3263275EE006A17F0 /* ExampleThreeViewController.m */,
				BC52F8E82632A1D4006A17F0 /* ExampleThreeViewCell.h */,
				BC52F8E92632A1D4006A17F0 /* ExampleThreeViewCell.m */,
			);
			path = Example3;
			sourceTree = "<group>";
		};
		BC52F8D02632A00F006A17F0 /* MYTreeTableView */ = {
			isa = PBXGroup;
			children = (
				BC52F8D72632A00F006A17F0 /* MYTreeItem.h */,
				BC52F8D12632A00F006A17F0 /* MYTreeItem.m */,
				BC52F8D42632A00F006A17F0 /* MYTreeTableManager.h */,
				BC52F8D82632A00F006A17F0 /* MYTreeTableManager.m */,
				BC52F8DA2632A00F006A17F0 /* MYTreeTableView.bundle */,
				BC52F8DB2632A00F006A17F0 /* MYTreeTableView.h */,
				BC52F8D52632A00F006A17F0 /* MYTreeTableView.m */,
				BC52F8D22632A00F006A17F0 /* MYTreeTableViewCell.h */,
				BC52F8D62632A00F006A17F0 /* MYTreeTableViewCell.m */,
				BC52F8D92632A00F006A17F0 /* MYTreeTableViewLayout.h */,
				BC52F8D32632A00F006A17F0 /* MYTreeTableViewLayout.m */,
			);
			path = MYTreeTableView;
			sourceTree = "<group>";
		};
		BC52F8EC2632A405006A17F0 /* Resource */ = {
			isa = PBXGroup;
			children = (
				BC52F8ED2632A405006A17F0 /* cityResource.json */,
			);
			path = Resource;
			sourceTree = "<group>";
		};
/* End PBXGroup section */

/* Begin PBXNativeTarget section */
		BC52F87826326D2D006A17F0 /* MYTreeTableView */ = {
			isa = PBXNativeTarget;
			buildConfigurationList = BC52F89226326D30006A17F0 /* Build configuration list for PBXNativeTarget "MYTreeTableView" */;
			buildPhases = (
				BC52F87526326D2D006A17F0 /* Sources */,
				BC52F87626326D2D006A17F0 /* Frameworks */,
				BC52F87726326D2D006A17F0 /* Resources */,
			);
			buildRules = (
			);
			dependencies = (
			);
			name = MYTreeTableView;
			productName = MYTreeTableView;
			productReference = BC52F87926326D2D006A17F0 /* MYTreeTableView.app */;
			productType = "com.apple.product-type.application";
		};
/* End PBXNativeTarget section */

/* Begin PBXProject section */
		BC52F87126326D2D006A17F0 /* Project object */ = {
			isa = PBXProject;
			attributes = {
				LastUpgradeCheck = 1240;
				TargetAttributes = {
					BC52F87826326D2D006A17F0 = {
						CreatedOnToolsVersion = 12.4;
					};
				};
			};
			buildConfigurationList = BC52F87426326D2D006A17F0 /* Build configuration list for PBXProject "MYTreeTableView" */;
			compatibilityVersion = "Xcode 9.3";
			developmentRegion = en;
			hasScannedForEncodings = 0;
			knownRegions = (
				en,
				Base,
			);
			mainGroup = BC52F87026326D2D006A17F0;
			productRefGroup = BC52F87A26326D2D006A17F0 /* Products */;
			projectDirPath = "";
			projectRoot = "";
			targets = (
				BC52F87826326D2D006A17F0 /* MYTreeTableView */,
			);
		};
/* End PBXProject section */

/* Begin PBXResourcesBuildPhase section */
		BC52F87726326D2D006A17F0 /* Resources */ = {
			isa = PBXResourcesBuildPhase;
			buildActionMask = 2147483647;
			files = (
				BC52F88C26326D30006A17F0 /* LaunchScreen.storyboard in Resources */,
				BC52F88926326D30006A17F0 /* Assets.xcassets in Resources */,
				BC52F88726326D2D006A17F0 /* Main.storyboard in Resources */,
				BC52F8E12632A00F006A17F0 /* MYTreeTableView.bundle in Resources */,
				BC52F8EE2632A405006A17F0 /* cityResource.json in Resources */,
			);
			runOnlyForDeploymentPostprocessing = 0;
		};
/* End PBXResourcesBuildPhase section */

/* Begin PBXSourcesBuildPhase section */
		BC52F87526326D2D006A17F0 /* Sources */ = {
			isa = PBXSourcesBuildPhase;
			buildActionMask = 2147483647;
			files = (
				BC52F8B4263275EE006A17F0 /* ExampleThreeViewController.m in Sources */,
				BC52F8DF2632A00F006A17F0 /* MYTreeTableViewCell.m in Sources */,
				BC52F8DD2632A00F006A17F0 /* MYTreeTableViewLayout.m in Sources */,
				BC52F8E52632A086006A17F0 /* DataService.m in Sources */,
				BC52F88426326D2D006A17F0 /* ViewController.m in Sources */,
				BC52F87E26326D2D006A17F0 /* AppDelegate.m in Sources */,
				BC52F8DC2632A00F006A17F0 /* MYTreeItem.m in Sources */,
				BC52F8EA2632A1D4006A17F0 /* ExampleThreeViewCell.m in Sources */,
				BC52F8DE2632A00F006A17F0 /* MYTreeTableView.m in Sources */,
				BC52F8B0263275E0006A17F0 /* ExampleTwoViewController.m in Sources */,
				BC52F8AC263275AB006A17F0 /* ExampleOneViewController.m in Sources */,
				BC52F8E02632A00F006A17F0 /* MYTreeTableManager.m in Sources */,
				BC52F88F26326D30006A17F0 /* main.m in Sources */,
			);
			runOnlyForDeploymentPostprocessing = 0;
		};
/* End PBXSourcesBuildPhase section */

/* Begin PBXVariantGroup section */
		BC52F88526326D2D006A17F0 /* Main.storyboard */ = {
			isa = PBXVariantGroup;
			children = (
				BC52F88626326D2D006A17F0 /* Base */,
			);
			name = Main.storyboard;
			sourceTree = "<group>";
		};
		BC52F88A26326D30006A17F0 /* LaunchScreen.storyboard */ = {
			isa = PBXVariantGroup;
			children = (
				BC52F88B26326D30006A17F0 /* Base */,
			);
			name = LaunchScreen.storyboard;
			sourceTree = "<group>";
		};
/* End PBXVariantGroup section */

/* Begin XCBuildConfiguration section */
		BC52F89026326D30006A17F0 /* Debug */ = {
			isa = XCBuildConfiguration;
			buildSettings = {
				ALWAYS_SEARCH_USER_PATHS = NO;
				CLANG_ANALYZER_NONNULL = YES;
				CLANG_ANALYZER_NUMBER_OBJECT_CONVERSION = YES_AGGRESSIVE;
				CLANG_CXX_LANGUAGE_STANDARD = "gnu++14";
				CLANG_CXX_LIBRARY = "libc++";
				CLANG_ENABLE_MODULES = YES;
				CLANG_ENABLE_OBJC_ARC = YES;
				CLANG_ENABLE_OBJC_WEAK = YES;
				CLANG_WARN_BLOCK_CAPTURE_AUTORELEASING = YES;
				CLANG_WARN_BOOL_CONVERSION = YES;
				CLANG_WARN_COMMA = YES;
				CLANG_WARN_CONSTANT_CONVERSION = YES;
				CLANG_WARN_DEPRECATED_OBJC_IMPLEMENTATIONS = YES;
				CLANG_WARN_DIRECT_OBJC_ISA_USAGE = YES_ERROR;
				CLANG_WARN_DOCUMENTATION_COMMENTS = YES;
				CLANG_WARN_EMPTY_BODY = YES;
				CLANG_WARN_ENUM_CONVERSION = YES;
				CLANG_WARN_INFINITE_RECURSION = YES;
				CLANG_WARN_INT_CONVERSION = YES;
				CLANG_WARN_NON_LITERAL_NULL_CONVERSION = YES;
				CLANG_WARN_OBJC_IMPLICIT_RETAIN_SELF = YES;
				CLANG_WARN_OBJC_LITERAL_CONVERSION = YES;
				CLANG_WARN_OBJC_ROOT_CLASS = YES_ERROR;
				CLANG_WARN_QUOTED_INCLUDE_IN_FRAMEWORK_HEADER = YES;
				CLANG_WARN_RANGE_LOOP_ANALYSIS = YES;
				CLANG_WARN_STRICT_PROTOTYPES = YES;
				CLANG_WARN_SUSPICIOUS_MOVE = YES;
				CLANG_WARN_UNGUARDED_AVAILABILITY = YES_AGGRESSIVE;
				CLANG_WARN_UNREACHABLE_CODE = YES;
				CLANG_WARN__DUPLICATE_METHOD_MATCH = YES;
				COPY_PHASE_STRIP = NO;
				DEBUG_INFORMATION_FORMAT = dwarf;
				ENABLE_STRICT_OBJC_MSGSEND = YES;
				ENABLE_TESTABILITY = YES;
				GCC_C_LANGUAGE_STANDARD = gnu11;
				GCC_DYNAMIC_NO_PIC = NO;
				GCC_NO_COMMON_BLOCKS = YES;
				GCC_OPTIMIZATION_LEVEL = 0;
				GCC_PREPROCESSOR_DEFINITIONS = (
					"DEBUG=1",
					"$(inherited)",
				);
				GCC_WARN_64_TO_32_BIT_CONVERSION = YES;
				GCC_WARN_ABOUT_RETURN_TYPE = YES_ERROR;
				GCC_WARN_UNDECLARED_SELECTOR = YES;
				GCC_WARN_UNINITIALIZED_AUTOS = YES_AGGRESSIVE;
				GCC_WARN_UNUSED_FUNCTION = YES;
				GCC_WARN_UNUSED_VARIABLE = YES;
				IPHONEOS_DEPLOYMENT_TARGET = 14.4;
				MTL_ENABLE_DEBUG_INFO = INCLUDE_SOURCE;
				MTL_FAST_MATH = YES;
				ONLY_ACTIVE_ARCH = YES;
				SDKROOT = iphoneos;
			};
			name = Debug;
		};
		BC52F89126326D30006A17F0 /* Release */ = {
			isa = XCBuildConfiguration;
			buildSettings = {
				ALWAYS_SEARCH_USER_PATHS = NO;
				CLANG_ANALYZER_NONNULL = YES;
				CLANG_ANALYZER_NUMBER_OBJECT_CONVERSION = YES_AGGRESSIVE;
				CLANG_CXX_LANGUAGE_STANDARD = "gnu++14";
				CLANG_CXX_LIBRARY = "libc++";
				CLANG_ENABLE_MODULES = YES;
				CLANG_ENABLE_OBJC_ARC = YES;
				CLANG_ENABLE_OBJC_WEAK = YES;
				CLANG_WARN_BLOCK_CAPTURE_AUTORELEASING = YES;
				CLANG_WARN_BOOL_CONVERSION = YES;
				CLANG_WARN_COMMA = YES;
				CLANG_WARN_CONSTANT_CONVERSION = YES;
				CLANG_WARN_DEPRECATED_OBJC_IMPLEMENTATIONS = YES;
				CLANG_WARN_DIRECT_OBJC_ISA_USAGE = YES_ERROR;
				CLANG_WARN_DOCUMENTATION_COMMENTS = YES;
				CLANG_WARN_EMPTY_BODY = YES;
				CLANG_WARN_ENUM_CONVERSION = YES;
				CLANG_WARN_INFINITE_RECURSION = YES;
				CLANG_WARN_INT_CONVERSION = YES;
				CLANG_WARN_NON_LITERAL_NULL_CONVERSION = YES;
				CLANG_WARN_OBJC_IMPLICIT_RETAIN_SELF = YES;
				CLANG_WARN_OBJC_LITERAL_CONVERSION = YES;
				CLANG_WARN_OBJC_ROOT_CLASS = YES_ERROR;
				CLANG_WARN_QUOTED_INCLUDE_IN_FRAMEWORK_HEADER = YES;
				CLANG_WARN_RANGE_LOOP_ANALYSIS = YES;
				CLANG_WARN_STRICT_PROTOTYPES = YES;
				CLANG_WARN_SUSPICIOUS_MOVE = YES;
				CLANG_WARN_UNGUARDED_AVAILABILITY = YES_AGGRESSIVE;
				CLANG_WARN_UNREACHABLE_CODE = YES;
				CLANG_WARN__DUPLICATE_METHOD_MATCH = YES;
				COPY_PHASE_STRIP = NO;
				DEBUG_INFORMATION_FORMAT = "dwarf-with-dsym";
				ENABLE_NS_ASSERTIONS = NO;
				ENABLE_STRICT_OBJC_MSGSEND = YES;
				GCC_C_LANGUAGE_STANDARD = gnu11;
				GCC_NO_COMMON_BLOCKS = YES;
				GCC_WARN_64_TO_32_BIT_CONVERSION = YES;
				GCC_WARN_ABOUT_RETURN_TYPE = YES_ERROR;
				GCC_WARN_UNDECLARED_SELECTOR = YES;
				GCC_WARN_UNINITIALIZED_AUTOS = YES_AGGRESSIVE;
				GCC_WARN_UNUSED_FUNCTION = YES;
				GCC_WARN_UNUSED_VARIABLE = YES;
				IPHONEOS_DEPLOYMENT_TARGET = 14.4;
				MTL_ENABLE_DEBUG_INFO = NO;
				MTL_FAST_MATH = YES;
				SDKROOT = iphoneos;
				VALIDATE_PRODUCT = YES;
			};
			name = Release;
		};
		BC52F89326326D30006A17F0 /* Debug */ = {
			isa = XCBuildConfiguration;
			buildSettings = {
				ASSETCATALOG_COMPILER_APPICON_NAME = AppIcon;
				ASSETCATALOG_COMPILER_GLOBAL_ACCENT_COLOR_NAME = AccentColor;
				CODE_SIGN_STYLE = Automatic;
				DEVELOPMENT_TEAM = AULC75KMVC;
				INFOPLIST_FILE = MYTreeTableView/Info.plist;
				IPHONEOS_DEPLOYMENT_TARGET = 9.0;
				LD_RUNPATH_SEARCH_PATHS = (
					"$(inherited)",
					"@executable_path/Frameworks",
				);
				PRODUCT_BUNDLE_IDENTIFIER = com.mayan29.MYTreeTableView;
				PRODUCT_NAME = "$(TARGET_NAME)";
				TARGETED_DEVICE_FAMILY = "1,2";
			};
			name = Debug;
		};
		BC52F89426326D30006A17F0 /* Release */ = {
			isa = XCBuildConfiguration;
			buildSettings = {
				ASSETCATALOG_COMPILER_APPICON_NAME = AppIcon;
				ASSETCATALOG_COMPILER_GLOBAL_ACCENT_COLOR_NAME = AccentColor;
				CODE_SIGN_STYLE = Automatic;
				DEVELOPMENT_TEAM = AULC75KMVC;
				INFOPLIST_FILE = MYTreeTableView/Info.plist;
				IPHONEOS_DEPLOYMENT_TARGET = 9.0;
				LD_RUNPATH_SEARCH_PATHS = (
					"$(inherited)",
					"@executable_path/Frameworks",
				);
				PRODUCT_BUNDLE_IDENTIFIER = com.mayan29.MYTreeTableView;
				PRODUCT_NAME = "$(TARGET_NAME)";
				TARGETED_DEVICE_FAMILY = "1,2";
			};
			name = Release;
		};
/* End XCBuildConfiguration section */

/* Begin XCConfigurationList section */
		BC52F87426326D2D006A17F0 /* Build configuration list for PBXProject "MYTreeTableView" */ = {
			isa = XCConfigurationList;
			buildConfigurations = (
				BC52F89026326D30006A17F0 /* Debug */,
				BC52F89126326D30006A17F0 /* Release */,
			);
			defaultConfigurationIsVisible = 0;
			defaultConfigurationName = Release;
		};
		BC52F89226326D30006A17F0 /* Build configuration list for PBXNativeTarget "MYTreeTableView" */ = {
			isa = XCConfigurationList;
			buildConfigurations = (
				BC52F89326326D30006A17F0 /* Debug */,
				BC52F89426326D30006A17F0 /* Release */,
			);
			defaultConfigurationIsVisible = 0;
			defaultConfigurationName = Release;
		};
/* End XCConfigurationList section */
	};
	rootObject = BC52F87126326D2D006A17F0 /* Project object */;
}
