// !$*UTF8*$!
{
	archiveVersion = 1;
	classes = {
	};
	objectVersion = 50;
	objects = {

/* Begin PBXBuildFile section */
		BC03606420A53BEC009CA1E4 /* AppDelegate.m in Sources */ = {isa = PBXBuildFile; fileRef = BC03606320A53BEC009CA1E4 /* AppDelegate.m */; };
		BC03606720A53BEC009CA1E4 /* ViewController.m in Sources */ = {isa = PBXBuildFile; fileRef = BC03606620A53BEC009CA1E4 /* ViewController.m */; };
		BC03606A20A53BEC009CA1E4 /* Main.storyboard in Resources */ = {isa = PBXBuildFile; fileRef = BC03606820A53BEC009CA1E4 /* Main.storyboard */; };
		BC03606C20A53BEE009CA1E4 /* Assets.xcassets in Resources */ = {isa = PBXBuildFile; fileRef = BC03606B20A53BEE009CA1E4 /* Assets.xcassets */; };
		BC03606F20A53BEE009CA1E4 /* LaunchScreen.storyboard in Resources */ = {isa = PBXBuildFile; fileRef = BC03606D20A53BEE009CA1E4 /* LaunchScreen.storyboard */; };
		BC03607220A53BEE009CA1E4 /* main.m in Sources */ = {isa = PBXBuildFile; fileRef = BC03607120A53BEE009CA1E4 /* main.m */; };
		BC03607C20A53BEE009CA1E4 /* TreeTableViewTests.m in Sources */ = {isa = PBXBuildFile; fileRef = BC03607B20A53BEE009CA1E4 /* TreeTableViewTests.m */; };
		BC03608720A53BEE009CA1E4 /* TreeTableViewUITests.m in Sources */ = {isa = PBXBuildFile; fileRef = BC03608620A53BEE009CA1E4 /* TreeTableViewUITests.m */; };
		BC0360AD20A53C68009CA1E4 /* MYTreeItem.m in Sources */ = {isa = PBXBuildFile; fileRef = BC0360A420A53C68009CA1E4 /* MYTreeItem.m */; };
		BC0360AE20A53C68009CA1E4 /* MYTreeTableViewController.m in Sources */ = {isa = PBXBuildFile; fileRef = BC0360A520A53C68009CA1E4 /* MYTreeTableViewController.m */; };
		BC0360AF20A53C68009CA1E4 /* MYTreeTableViewCell.m in Sources */ = {isa = PBXBuildFile; fileRef = BC0360A820A53C68009CA1E4 /* MYTreeTableViewCell.m */; };
		BC0360B020A53C68009CA1E4 /* MYTreeTableManager.m in Sources */ = {isa = PBXBuildFile; fileRef = BC0360AB20A53C68009CA1E4 /* MYTreeTableManager.m */; };
		BC0360B120A53C68009CA1E4 /* MYTreeTableView.bundle in Resources */ = {isa = PBXBuildFile; fileRef = BC0360AC20A53C68009CA1E4 /* MYTreeTableView.bundle */; };
		BC0360B420A53CB0009CA1E4 /* DemoTableViewController.m in Sources */ = {isa = PBXBuildFile; fileRef = BC0360B320A53CB0009CA1E4 /* DemoTableViewController.m */; };
		BC0360B620A53DFF009CA1E4 /* Resource.json in Resources */ = {isa = PBXBuildFile; fileRef = BC0360B520A53DFF009CA1E4 /* Resource.json */; };
		BC0360B920A57BFB009CA1E4 /* MYTreeTableViewSearchBar.m in Sources */ = {isa = PBXBuildFile; fileRef = BC0360B820A57BFB009CA1E4 /* MYTreeTableViewSearchBar.m */; };
/* End PBXBuildFile section */

/* Begin PBXContainerItemProxy section */
		BC03607820A53BEE009CA1E4 /* PBXContainerItemProxy */ = {
			isa = PBXContainerItemProxy;
			containerPortal = BC03605720A53BEC009CA1E4 /* Project object */;
			proxyType = 1;
			remoteGlobalIDString = BC03605E20A53BEC009CA1E4;
			remoteInfo = TreeTableView;
		};
		BC03608320A53BEE009CA1E4 /* PBXContainerItemProxy */ = {
			isa = PBXContainerItemProxy;
			containerPortal = BC03605720A53BEC009CA1E4 /* Project object */;
			proxyType = 1;
			remoteGlobalIDString = BC03605E20A53BEC009CA1E4;
			remoteInfo = TreeTableView;
		};
/* End PBXContainerItemProxy section */

/* Begin PBXFileReference section */
		BC03605F20A53BEC009CA1E4 /* TreeTableView.app */ = {isa = PBXFileReference; explicitFileType = wrapper.application; includeInIndex = 0; path = TreeTableView.app; sourceTree = BUILT_PRODUCTS_DIR; };
		BC03606220A53BEC009CA1E4 /* AppDelegate.h */ = {isa = PBXFileReference; lastKnownFileType = sourcecode.c.h; path = AppDelegate.h; sourceTree = "<group>"; };
		BC03606320A53BEC009CA1E4 /* AppDelegate.m */ = {isa = PBXFileReference; lastKnownFileType = sourcecode.c.objc; path = AppDelegate.m; sourceTree = "<group>"; };
		BC03606520A53BEC009CA1E4 /* ViewController.h */ = {isa = PBXFileReference; lastKnownFileType = sourcecode.c.h; path = ViewController.h; sourceTree = "<group>"; };
		BC03606620A53BEC009CA1E4 /* ViewController.m */ = {isa = PBXFileReference; lastKnownFileType = sourcecode.c.objc; path = ViewController.m; sourceTree = "<group>"; };
		BC03606920A53BEC009CA1E4 /* Base */ = {isa = PBXFileReference; lastKnownFileType = file.storyboard; name = Base; path = Base.lproj/Main.storyboard; sourceTree = "<group>"; };
		BC03606B20A53BEE009CA1E4 /* Assets.xcassets */ = {isa = PBXFileReference; lastKnownFileType = folder.assetcatalog; path = Assets.xcassets; sourceTree = "<group>"; };
		BC03606E20A53BEE009CA1E4 /* Base */ = {isa = PBXFileReference; lastKnownFileType = file.storyboard; name = Base; path = Base.lproj/LaunchScreen.storyboard; sourceTree = "<group>"; };
		BC03607020A53BEE009CA1E4 /* Info.plist */ = {isa = PBXFileReference; lastKnownFileType = text.plist.xml; path = Info.plist; sourceTree = "<group>"; };
		BC03607120A53BEE009CA1E4 /* main.m */ = {isa = PBXFileReference; lastKnownFileType = sourcecode.c.objc; path = main.m; sourceTree = "<group>"; };
		BC03607720A53BEE009CA1E4 /* TreeTableViewTests.xctest */ = {isa = PBXFileReference; explicitFileType = wrapper.cfbundle; includeInIndex = 0; path = TreeTableViewTests.xctest; sourceTree = BUILT_PRODUCTS_DIR; };
		BC03607B20A53BEE009CA1E4 /* TreeTableViewTests.m */ = {isa = PBXFileReference; lastKnownFileType = sourcecode.c.objc; path = TreeTableViewTests.m; sourceTree = "<group>"; };
		BC03607D20A53BEE009CA1E4 /* Info.plist */ = {isa = PBXFileReference; lastKnownFileType = text.plist.xml; path = Info.plist; sourceTree = "<group>"; };
		BC03608220A53BEE009CA1E4 /* TreeTableViewUITests.xctest */ = {isa = PBXFileReference; explicitFileType = wrapper.cfbundle; includeInIndex = 0; path = TreeTableViewUITests.xctest; sourceTree = BUILT_PRODUCTS_DIR; };
		BC03608620A53BEE009CA1E4 /* TreeTableViewUITests.m */ = {isa = PBXFileReference; lastKnownFileType = sourcecode.c.objc; path = TreeTableViewUITests.m; sourceTree = "<group>"; };
		BC03608820A53BEE009CA1E4 /* Info.plist */ = {isa = PBXFileReference; lastKnownFileType = text.plist.xml; path = Info.plist; sourceTree = "<group>"; };
		BC0360A420A53C68009CA1E4 /* MYTreeItem.m */ = {isa = PBXFileReference; fileEncoding = 4; lastKnownFileType = sourcecode.c.objc; path = MYTreeItem.m; sourceTree = "<group>"; };
		BC0360A520A53C68009CA1E4 /* MYTreeTableViewController.m */ = {isa = PBXFileReference; fileEncoding = 4; lastKnownFileType = sourcecode.c.objc; path = MYTreeTableViewController.m; sourceTree = "<group>"; };
		BC0360A620A53C68009CA1E4 /* MYTreeTableViewCell.h */ = {isa = PBXFileReference; fileEncoding = 4; lastKnownFileType = sourcecode.c.h; path = MYTreeTableViewCell.h; sourceTree = "<group>"; };
		BC0360A720A53C68009CA1E4 /* MYTreeTableManager.h */ = {isa = PBXFileReference; fileEncoding = 4; lastKnownFileType = sourcecode.c.h; path = MYTreeTableManager.h; sourceTree = "<group>"; };
		BC0360A820A53C68009CA1E4 /* MYTreeTableViewCell.m */ = {isa = PBXFileReference; fileEncoding = 4; lastKnownFileType = sourcecode.c.objc; path = MYTreeTableViewCell.m; sourceTree = "<group>"; };
		BC0360A920A53C68009CA1E4 /* MYTreeTableViewController.h */ = {isa = PBXFileReference; fileEncoding = 4; lastKnownFileType = sourcecode.c.h; path = MYTreeTableViewController.h; sourceTree = "<group>"; };
		BC0360AA20A53C68009CA1E4 /* MYTreeItem.h */ = {isa = PBXFileReference; fileEncoding = 4; lastKnownFileType = sourcecode.c.h; path = MYTreeItem.h; sourceTree = "<group>"; };
		BC0360AB20A53C68009CA1E4 /* MYTreeTableManager.m */ = {isa = PBXFileReference; fileEncoding = 4; lastKnownFileType = sourcecode.c.objc; path = MYTreeTableManager.m; sourceTree = "<group>"; };
		BC0360AC20A53C68009CA1E4 /* MYTreeTableView.bundle */ = {isa = PBXFileReference; lastKnownFileType = "wrapper.plug-in"; path = MYTreeTableView.bundle; sourceTree = "<group>"; };
		BC0360B220A53CB0009CA1E4 /* DemoTableViewController.h */ = {isa = PBXFileReference; lastKnownFileType = sourcecode.c.h; path = DemoTableViewController.h; sourceTree = "<group>"; };
		BC0360B320A53CB0009CA1E4 /* DemoTableViewController.m */ = {isa = PBXFileReference; lastKnownFileType = sourcecode.c.objc; path = DemoTableViewController.m; sourceTree = "<group>"; };
		BC0360B520A53DFF009CA1E4 /* Resource.json */ = {isa = PBXFileReference; fileEncoding = 4; lastKnownFileType = text.json; path = Resource.json; sourceTree = "<group>"; };
		BC0360B720A57BFB009CA1E4 /* MYTreeTableViewSearchBar.h */ = {isa = PBXFileReference; lastKnownFileType = sourcecode.c.h; path = MYTreeTableViewSearchBar.h; sourceTree = "<group>"; };
		BC0360B820A57BFB009CA1E4 /* MYTreeTableViewSearchBar.m */ = {isa = PBXFileReference; lastKnownFileType = sourcecode.c.objc; path = MYTreeTableViewSearchBar.m; sourceTree = "<group>"; };
/* End PBXFileReference section */

/* Begin PBXFrameworksBuildPhase section */
		BC03605C20A53BEC009CA1E4 /* Frameworks */ = {
			isa = PBXFrameworksBuildPhase;
			buildActionMask = 2147483647;
			files = (
			);
			runOnlyForDeploymentPostprocessing = 0;
		};
		BC03607420A53BEE009CA1E4 /* Frameworks */ = {
			isa = PBXFrameworksBuildPhase;
			buildActionMask = 2147483647;
			files = (
			);
			runOnlyForDeploymentPostprocessing = 0;
		};
		BC03607F20A53BEE009CA1E4 /* Frameworks */ = {
			isa = PBXFrameworksBuildPhase;
			buildActionMask = 2147483647;
			files = (
			);
			runOnlyForDeploymentPostprocessing = 0;
		};
/* End PBXFrameworksBuildPhase section */

/* Begin PBXGroup section */
		BC03605620A53BEC009CA1E4 = {
			isa = PBXGroup;
			children = (
				BC03606120A53BEC009CA1E4 /* TreeTableView */,
				BC03607A20A53BEE009CA1E4 /* TreeTableViewTests */,
				BC03608520A53BEE009CA1E4 /* TreeTableViewUITests */,
				BC03606020A53BEC009CA1E4 /* Products */,
			);
			sourceTree = "<group>";
		};
		BC03606020A53BEC009CA1E4 /* Products */ = {
			isa = PBXGroup;
			children = (
				BC03605F20A53BEC009CA1E4 /* TreeTableView.app */,
				BC03607720A53BEE009CA1E4 /* TreeTableViewTests.xctest */,
				BC03608220A53BEE009CA1E4 /* TreeTableViewUITests.xctest */,
			);
			name = Products;
			sourceTree = "<group>";
		};
		BC03606120A53BEC009CA1E4 /* TreeTableView */ = {
			isa = PBXGroup;
			children = (
				BC0360A320A53C68009CA1E4 /* MYTreeTableView */,
				BC03606220A53BEC009CA1E4 /* AppDelegate.h */,
				BC03606320A53BEC009CA1E4 /* AppDelegate.m */,
				BC03606520A53BEC009CA1E4 /* ViewController.h */,
				BC03606620A53BEC009CA1E4 /* ViewController.m */,
				BC0360B220A53CB0009CA1E4 /* DemoTableViewController.h */,
				BC0360B320A53CB0009CA1E4 /* DemoTableViewController.m */,
				BC03606820A53BEC009CA1E4 /* Main.storyboard */,
				BC03606B20A53BEE009CA1E4 /* Assets.xcassets */,
				BC03606D20A53BEE009CA1E4 /* LaunchScreen.storyboard */,
				BC03607020A53BEE009CA1E4 /* Info.plist */,
				BC03607120A53BEE009CA1E4 /* main.m */,
				BC0360B520A53DFF009CA1E4 /* Resource.json */,
			);
			path = TreeTableView;
			sourceTree = "<group>";
		};
		BC03607A20A53BEE009CA1E4 /* TreeTableViewTests */ = {
			isa = PBXGroup;
			children = (
				BC03607B20A53BEE009CA1E4 /* TreeTableViewTests.m */,
				BC03607D20A53BEE009CA1E4 /* Info.plist */,
			);
			path = TreeTableViewTests;
			sourceTree = "<group>";
		};
		BC03608520A53BEE009CA1E4 /* TreeTableViewUITests */ = {
			isa = PBXGroup;
			children = (
				BC03608620A53BEE009CA1E4 /* TreeTableViewUITests.m */,
				BC03608820A53BEE009CA1E4 /* Info.plist */,
			);
			path = TreeTableViewUITests;
			sourceTree = "<group>";
		};
		BC0360A320A53C68009CA1E4 /* MYTreeTableView */ = {
			isa = PBXGroup;
			children = (
				BC0360AC20A53C68009CA1E4 /* MYTreeTableView.bundle */,
				BC0360AA20A53C68009CA1E4 /* MYTreeItem.h */,
				BC0360A420A53C68009CA1E4 /* MYTreeItem.m */,
				BC0360A720A53C68009CA1E4 /* MYTreeTableManager.h */,
				BC0360AB20A53C68009CA1E4 /* MYTreeTableManager.m */,
				BC0360A920A53C68009CA1E4 /* MYTreeTableViewController.h */,
				BC0360A520A53C68009CA1E4 /* MYTreeTableViewController.m */,
				BC0360A620A53C68009CA1E4 /* MYTreeTableViewCell.h */,
				BC0360A820A53C68009CA1E4 /* MYTreeTableViewCell.m */,
				BC0360B720A57BFB009CA1E4 /* MYTreeTableViewSearchBar.h */,
				BC0360B820A57BFB009CA1E4 /* MYTreeTableViewSearchBar.m */,
			);
			path = MYTreeTableView;
			sourceTree = "<group>";
		};
/* End PBXGroup section */

/* Begin PBXNativeTarget section */
		BC03605E20A53BEC009CA1E4 /* TreeTableView */ = {
			isa = PBXNativeTarget;
			buildConfigurationList = BC03608B20A53BEE009CA1E4 /* Build configuration list for PBXNativeTarget "TreeTableView" */;
			buildPhases = (
				BC03605B20A53BEC009CA1E4 /* Sources */,
				BC03605C20A53BEC009CA1E4 /* Frameworks */,
				BC03605D20A53BEC009CA1E4 /* Resources */,
			);
			buildRules = (
			);
			dependencies = (
			);
			name = TreeTableView;
			productName = TreeTableView;
			productReference = BC03605F20A53BEC009CA1E4 /* TreeTableView.app */;
			productType = "com.apple.product-type.application";
		};
		BC03607620A53BEE009CA1E4 /* TreeTableViewTests */ = {
			isa = PBXNativeTarget;
			buildConfigurationList = BC03608E20A53BEE009CA1E4 /* Build configuration list for PBXNativeTarget "TreeTableViewTests" */;
			buildPhases = (
				BC03607320A53BEE009CA1E4 /* Sources */,
				BC03607420A53BEE009CA1E4 /* Frameworks */,
				BC03607520A53BEE009CA1E4 /* Resources */,
			);
			buildRules = (
			);
			dependencies = (
				BC03607920A53BEE009CA1E4 /* PBXTargetDependency */,
			);
			name = TreeTableViewTests;
			productName = TreeTableViewTests;
			productReference = BC03607720A53BEE009CA1E4 /* TreeTableViewTests.xctest */;
			productType = "com.apple.product-type.bundle.unit-test";
		};
		BC03608120A53BEE009CA1E4 /* TreeTableViewUITests */ = {
			isa = PBXNativeTarget;
			buildConfigurationList = BC03609120A53BEE009CA1E4 /* Build configuration list for PBXNativeTarget "TreeTableViewUITests" */;
			buildPhases = (
				BC03607E20A53BEE009CA1E4 /* Sources */,
				BC03607F20A53BEE009CA1E4 /* Frameworks */,
				BC03608020A53BEE009CA1E4 /* Resources */,
			);
			buildRules = (
			);
			dependencies = (
				BC03608420A53BEE009CA1E4 /* PBXTargetDependency */,
			);
			name = TreeTableViewUITests;
			productName = TreeTableViewUITests;
			productReference = BC03608220A53BEE009CA1E4 /* TreeTableViewUITests.xctest */;
			productType = "com.apple.product-type.bundle.ui-testing";
		};
/* End PBXNativeTarget section */

/* Begin PBXProject section */
		BC03605720A53BEC009CA1E4 /* Project object */ = {
			isa = PBXProject;
			attributes = {
				LastUpgradeCheck = 0930;
				ORGANIZATIONNAME = mayan;
				TargetAttributes = {
					BC03605E20A53BEC009CA1E4 = {
						CreatedOnToolsVersion = 9.3;
					};
					BC03607620A53BEE009CA1E4 = {
						CreatedOnToolsVersion = 9.3;
						TestTargetID = BC03605E20A53BEC009CA1E4;
					};
					BC03608120A53BEE009CA1E4 = {
						CreatedOnToolsVersion = 9.3;
						TestTargetID = BC03605E20A53BEC009CA1E4;
					};
				};
			};
			buildConfigurationList = BC03605A20A53BEC009CA1E4 /* Build configuration list for PBXProject "TreeTableView" */;
			compatibilityVersion = "Xcode 9.3";
			developmentRegion = en;
			hasScannedForEncodings = 0;
			knownRegions = (
				en,
				Base,
			);
			mainGroup = BC03605620A53BEC009CA1E4;
			productRefGroup = BC03606020A53BEC009CA1E4 /* Products */;
			projectDirPath = "";
			projectRoot = "";
			targets = (
				BC03605E20A53BEC009CA1E4 /* TreeTableView */,
				BC03607620A53BEE009CA1E4 /* TreeTableViewTests */,
				BC03608120A53BEE009CA1E4 /* TreeTableViewUITests */,
			);
		};
/* End PBXProject section */

/* Begin PBXResourcesBuildPhase section */
		BC03605D20A53BEC009CA1E4 /* Resources */ = {
			isa = PBXResourcesBuildPhase;
			buildActionMask = 2147483647;
			files = (
				BC0360B620A53DFF009CA1E4 /* Resource.json in Resources */,
				BC03606F20A53BEE009CA1E4 /* LaunchScreen.storyboard in Resources */,
				BC03606C20A53BEE009CA1E4 /* Assets.xcassets in Resources */,
				BC03606A20A53BEC009CA1E4 /* Main.storyboard in Resources */,
				BC0360B120A53C68009CA1E4 /* MYTreeTableView.bundle in Resources */,
			);
			runOnlyForDeploymentPostprocessing = 0;
		};
		BC03607520A53BEE009CA1E4 /* Resources */ = {
			isa = PBXResourcesBuildPhase;
			buildActionMask = 2147483647;
			files = (
			);
			runOnlyForDeploymentPostprocessing = 0;
		};
		BC03608020A53BEE009CA1E4 /* Resources */ = {
			isa = PBXResourcesBuildPhase;
			buildActionMask = 2147483647;
			files = (
			);
			runOnlyForDeploymentPostprocessing = 0;
		};
/* End PBXResourcesBuildPhase section */

/* Begin PBXSourcesBuildPhase section */
		BC03605B20A53BEC009CA1E4 /* Sources */ = {
			isa = PBXSourcesBuildPhase;
			buildActionMask = 2147483647;
			files = (
				BC0360B920A57BFB009CA1E4 /* MYTreeTableViewSearchBar.m in Sources */,
				BC0360B420A53CB0009CA1E4 /* DemoTableViewController.m in Sources */,
				BC0360AE20A53C68009CA1E4 /* MYTreeTableViewController.m in Sources */,
				BC0360B020A53C68009CA1E4 /* MYTreeTableManager.m in Sources */,
				BC0360AD20A53C68009CA1E4 /* MYTreeItem.m in Sources */,
				BC03606720A53BEC009CA1E4 /* ViewController.m in Sources */,
				BC03607220A53BEE009CA1E4 /* main.m in Sources */,
				BC03606420A53BEC009CA1E4 /* AppDelegate.m in Sources */,
				BC0360AF20A53C68009CA1E4 /* MYTreeTableViewCell.m in Sources */,
			);
			runOnlyForDeploymentPostprocessing = 0;
		};
		BC03607320A53BEE009CA1E4 /* Sources */ = {
			isa = PBXSourcesBuildPhase;
			buildActionMask = 2147483647;
			files = (
				BC03607C20A53BEE009CA1E4 /* TreeTableViewTests.m in Sources */,
			);
			runOnlyForDeploymentPostprocessing = 0;
		};
		BC03607E20A53BEE009CA1E4 /* Sources */ = {
			isa = PBXSourcesBuildPhase;
			buildActionMask = 2147483647;
			files = (
				BC03608720A53BEE009CA1E4 /* TreeTableViewUITests.m in Sources */,
			);
			runOnlyForDeploymentPostprocessing = 0;
		};
/* End PBXSourcesBuildPhase section */

/* Begin PBXTargetDependency section */
		BC03607920A53BEE009CA1E4 /* PBXTargetDependency */ = {
			isa = PBXTargetDependency;
			target = BC03605E20A53BEC009CA1E4 /* TreeTableView */;
			targetProxy = BC03607820A53BEE009CA1E4 /* PBXContainerItemProxy */;
		};
		BC03608420A53BEE009CA1E4 /* PBXTargetDependency */ = {
			isa = PBXTargetDependency;
			target = BC03605E20A53BEC009CA1E4 /* TreeTableView */;
			targetProxy = BC03608320A53BEE009CA1E4 /* PBXContainerItemProxy */;
		};
/* End PBXTargetDependency section */

/* Begin PBXVariantGroup section */
		BC03606820A53BEC009CA1E4 /* Main.storyboard */ = {
			isa = PBXVariantGroup;
			children = (
				BC03606920A53BEC009CA1E4 /* Base */,
			);
			name = Main.storyboard;
			sourceTree = "<group>";
		};
		BC03606D20A53BEE009CA1E4 /* LaunchScreen.storyboard */ = {
			isa = PBXVariantGroup;
			children = (
				BC03606E20A53BEE009CA1E4 /* Base */,
			);
			name = LaunchScreen.storyboard;
			sourceTree = "<group>";
		};
/* End PBXVariantGroup section */

/* Begin XCBuildConfiguration section */
		BC03608920A53BEE009CA1E4 /* Debug */ = {
			isa = XCBuildConfiguration;
			buildSettings = {
				ALWAYS_SEARCH_USER_PATHS = NO;
				CLANG_ANALYZER_NONNULL = YES;
				CLANG_ANALYZER_NUMBER_OBJECT_CONVERSION = YES_AGGRESSIVE;
				CLANG_CXX_LANGUAGE_STANDARD = "gnu++14";
				CLANG_CXX_LIBRARY = "libc++";
				CLANG_ENABLE_MODULES = YES;
				CLANG_ENABLE_OBJC_ARC = YES;
				CLANG_ENABLE_OBJC_WEAK = YES;
				CLANG_WARN_BLOCK_CAPTURE_AUTORELEASING = YES;
				CLANG_WARN_BOOL_CONVERSION = YES;
				CLANG_WARN_COMMA = YES;
				CLANG_WARN_CONSTANT_CONVERSION = YES;
				CLANG_WARN_DEPRECATED_OBJC_IMPLEMENTATIONS = YES;
				CLANG_WARN_DIRECT_OBJC_ISA_USAGE = YES_ERROR;
				CLANG_WARN_DOCUMENTATION_COMMENTS = YES;
				CLANG_WARN_EMPTY_BODY = YES;
				CLANG_WARN_ENUM_CONVERSION = YES;
				CLANG_WARN_INFINITE_RECURSION = YES;
				CLANG_WARN_INT_CONVERSION = YES;
				CLANG_WARN_NON_LITERAL_NULL_CONVERSION = YES;
				CLANG_WARN_OBJC_IMPLICIT_RETAIN_SELF = YES;
				CLANG_WARN_OBJC_LITERAL_CONVERSION = YES;
				CLANG_WARN_OBJC_ROOT_CLASS = YES_ERROR;
				CLANG_WARN_RANGE_LOOP_ANALYSIS = YES;
				CLANG_WARN_STRICT_PROTOTYPES = YES;
				CLANG_WARN_SUSPICIOUS_MOVE = YES;
				CLANG_WARN_UNGUARDED_AVAILABILITY = YES_AGGRESSIVE;
				CLANG_WARN_UNREACHABLE_CODE = YES;
				CLANG_WARN__DUPLICATE_METHOD_MATCH = YES;
				CODE_SIGN_IDENTITY = "iPhone Developer";
				COPY_PHASE_STRIP = NO;
				DEBUG_INFORMATION_FORMAT = dwarf;
				ENABLE_STRICT_OBJC_MSGSEND = YES;
				ENABLE_TESTABILITY = YES;
				GCC_C_LANGUAGE_STANDARD = gnu11;
				GCC_DYNAMIC_NO_PIC = NO;
				GCC_NO_COMMON_BLOCKS = YES;
				GCC_OPTIMIZATION_LEVEL = 0;
				GCC_PREPROCESSOR_DEFINITIONS = (
					"DEBUG=1",
					"$(inherited)",
				);
				GCC_WARN_64_TO_32_BIT_CONVERSION = YES;
				GCC_WARN_ABOUT_RETURN_TYPE = YES_ERROR;
				GCC_WARN_UNDECLARED_SELECTOR = YES;
				GCC_WARN_UNINITIALIZED_AUTOS = YES_AGGRESSIVE;
				GCC_WARN_UNUSED_FUNCTION = YES;
				GCC_WARN_UNUSED_VARIABLE = YES;
				IPHONEOS_DEPLOYMENT_TARGET = 11.3;
				MTL_ENABLE_DEBUG_INFO = YES;
				ONLY_ACTIVE_ARCH = YES;
				SDKROOT = iphoneos;
			};
			name = Debug;
		};
		BC03608A20A53BEE009CA1E4 /* Release */ = {
			isa = XCBuildConfiguration;
			buildSettings = {
				ALWAYS_SEARCH_USER_PATHS = NO;
				CLANG_ANALYZER_NONNULL = YES;
				CLANG_ANALYZER_NUMBER_OBJECT_CONVERSION = YES_AGGRESSIVE;
				CLANG_CXX_LANGUAGE_STANDARD = "gnu++14";
				CLANG_CXX_LIBRARY = "libc++";
				CLANG_ENABLE_MODULES = YES;
				CLANG_ENABLE_OBJC_ARC = YES;
				CLANG_ENABLE_OBJC_WEAK = YES;
				CLANG_WARN_BLOCK_CAPTURE_AUTORELEASING = YES;
				CLANG_WARN_BOOL_CONVERSION = YES;
				CLANG_WARN_COMMA = YES;
				CLANG_WARN_CONSTANT_CONVERSION = YES;
				CLANG_WARN_DEPRECATED_OBJC_IMPLEMENTATIONS = YES;
				CLANG_WARN_DIRECT_OBJC_ISA_USAGE = YES_ERROR;
				CLANG_WARN_DOCUMENTATION_COMMENTS = YES;
				CLANG_WARN_EMPTY_BODY = YES;
				CLANG_WARN_ENUM_CONVERSION = YES;
				CLANG_WARN_INFINITE_RECURSION = YES;
				CLANG_WARN_INT_CONVERSION = YES;
				CLANG_WARN_NON_LITERAL_NULL_CONVERSION = YES;
				CLANG_WARN_OBJC_IMPLICIT_RETAIN_SELF = YES;
				CLANG_WARN_OBJC_LITERAL_CONVERSION = YES;
				CLANG_WARN_OBJC_ROOT_CLASS = YES_ERROR;
				CLANG_WARN_RANGE_LOOP_ANALYSIS = YES;
				CLANG_WARN_STRICT_PROTOTYPES = YES;
				CLANG_WARN_SUSPICIOUS_MOVE = YES;
				CLANG_WARN_UNGUARDED_AVAILABILITY = YES_AGGRESSIVE;
				CLANG_WARN_UNREACHABLE_CODE = YES;
				CLANG_WARN__DUPLICATE_METHOD_MATCH = YES;
				CODE_SIGN_IDENTITY = "iPhone Developer";
				COPY_PHASE_STRIP = NO;
				DEBUG_INFORMATION_FORMAT = "dwarf-with-dsym";
				ENABLE_NS_ASSERTIONS = NO;
				ENABLE_STRICT_OBJC_MSGSEND = YES;
				GCC_C_LANGUAGE_STANDARD = gnu11;
				GCC_NO_COMMON_BLOCKS = YES;
				GCC_WARN_64_TO_32_BIT_CONVERSION = YES;
				GCC_WARN_ABOUT_RETURN_TYPE = YES_ERROR;
				GCC_WARN_UNDECLARED_SELECTOR = YES;
				GCC_WARN_UNINITIALIZED_AUTOS = YES_AGGRESSIVE;
				GCC_WARN_UNUSED_FUNCTION = YES;
				GCC_WARN_UNUSED_VARIABLE = YES;
				IPHONEOS_DEPLOYMENT_TARGET = 11.3;
				MTL_ENABLE_DEBUG_INFO = NO;
				SDKROOT = iphoneos;
				VALIDATE_PRODUCT = YES;
			};
			name = Release;
		};
		BC03608C20A53BEE009CA1E4 /* Debug */ = {
			isa = XCBuildConfiguration;
			buildSettings = {
				ASSETCATALOG_COMPILER_APPICON_NAME = AppIcon;
				CODE_SIGN_STYLE = Automatic;
				DEVELOPMENT_TEAM = T5Y5G8MDK4;
				INFOPLIST_FILE = TreeTableView/Info.plist;
				IPHONEOS_DEPLOYMENT_TARGET = 8.0;
				LD_RUNPATH_SEARCH_PATHS = (
					"$(inherited)",
					"@executable_path/Frameworks",
				);
				PRODUCT_BUNDLE_IDENTIFIER = com.mayan.TreeTableView;
				PRODUCT_NAME = "$(TARGET_NAME)";
				TARGETED_DEVICE_FAMILY = 1;
			};
			name = Debug;
		};
		BC03608D20A53BEE009CA1E4 /* Release */ = {
			isa = XCBuildConfiguration;
			buildSettings = {
				ASSETCATALOG_COMPILER_APPICON_NAME = AppIcon;
				CODE_SIGN_STYLE = Automatic;
				DEVELOPMENT_TEAM = T5Y5G8MDK4;
				INFOPLIST_FILE = TreeTableView/Info.plist;
				IPHONEOS_DEPLOYMENT_TARGET = 8.0;
				LD_RUNPATH_SEARCH_PATHS = (
					"$(inherited)",
					"@executable_path/Frameworks",
				);
				PRODUCT_BUNDLE_IDENTIFIER = com.mayan.TreeTableView;
				PRODUCT_NAME = "$(TARGET_NAME)";
				TARGETED_DEVICE_FAMILY = 1;
			};
			name = Release;
		};
		BC03608F20A53BEE009CA1E4 /* Debug */ = {
			isa = XCBuildConfiguration;
			buildSettings = {
				BUNDLE_LOADER = "$(TEST_HOST)";
				CODE_SIGN_STYLE = Automatic;
				DEVELOPMENT_TEAM = T5Y5G8MDK4;
				INFOPLIST_FILE = TreeTableViewTests/Info.plist;
				LD_RUNPATH_SEARCH_PATHS = (
					"$(inherited)",
					"@executable_path/Frameworks",
					"@loader_path/Frameworks",
				);
				PRODUCT_BUNDLE_IDENTIFIER = com.mayan.TreeTableViewTests;
				PRODUCT_NAME = "$(TARGET_NAME)";
				TARGETED_DEVICE_FAMILY = "1,2";
				TEST_HOST = "$(BUILT_PRODUCTS_DIR)/TreeTableView.app/TreeTableView";
			};
			name = Debug;
		};
		BC03609020A53BEE009CA1E4 /* Release */ = {
			isa = XCBuildConfiguration;
			buildSettings = {
				BUNDLE_LOADER = "$(TEST_HOST)";
				CODE_SIGN_STYLE = Automatic;
				DEVELOPMENT_TEAM = T5Y5G8MDK4;
				INFOPLIST_FILE = TreeTableViewTests/Info.plist;
				LD_RUNPATH_SEARCH_PATHS = (
					"$(inherited)",
					"@executable_path/Frameworks",
					"@loader_path/Frameworks",
				);
				PRODUCT_BUNDLE_IDENTIFIER = com.mayan.TreeTableViewTests;
				PRODUCT_NAME = "$(TARGET_NAME)";
				TARGETED_DEVICE_FAMILY = "1,2";
				TEST_HOST = "$(BUILT_PRODUCTS_DIR)/TreeTableView.app/TreeTableView";
			};
			name = Release;
		};
		BC03609220A53BEE009CA1E4 /* Debug */ = {
			isa = XCBuildConfiguration;
			buildSettings = {
				CODE_SIGN_STYLE = Automatic;
				DEVELOPMENT_TEAM = T5Y5G8MDK4;
				INFOPLIST_FILE = TreeTableViewUITests/Info.plist;
				LD_RUNPATH_SEARCH_PATHS = (
					"$(inherited)",
					"@executable_path/Frameworks",
					"@loader_path/Frameworks",
				);
				PRODUCT_BUNDLE_IDENTIFIER = com.mayan.TreeTableViewUITests;
				PRODUCT_NAME = "$(TARGET_NAME)";
				TARGETED_DEVICE_FAMILY = "1,2";
				TEST_TARGET_NAME = TreeTableView;
			};
			name = Debug;
		};
		BC03609320A53BEE009CA1E4 /* Release */ = {
			isa = XCBuildConfiguration;
			buildSettings = {
				CODE_SIGN_STYLE = Automatic;
				DEVELOPMENT_TEAM = T5Y5G8MDK4;
				INFOPLIST_FILE = TreeTableViewUITests/Info.plist;
				LD_RUNPATH_SEARCH_PATHS = (
					"$(inherited)",
					"@executable_path/Frameworks",
					"@loader_path/Frameworks",
				);
				PRODUCT_BUNDLE_IDENTIFIER = com.mayan.TreeTableViewUITests;
				PRODUCT_NAME = "$(TARGET_NAME)";
				TARGETED_DEVICE_FAMILY = "1,2";
				TEST_TARGET_NAME = TreeTableView;
			};
			name = Release;
		};
/* End XCBuildConfiguration section */

/* Begin XCConfigurationList section */
		BC03605A20A53BEC009CA1E4 /* Build configuration list for PBXProject "TreeTableView" */ = {
			isa = XCConfigurationList;
			buildConfigurations = (
				BC03608920A53BEE009CA1E4 /* Debug */,
				BC03608A20A53BEE009CA1E4 /* Release */,
			);
			defaultConfigurationIsVisible = 0;
			defaultConfigurationName = Release;
		};
		BC03608B20A53BEE009CA1E4 /* Build configuration list for PBXNativeTarget "TreeTableView" */ = {
			isa = XCConfigurationList;
			buildConfigurations = (
				BC03608C20A53BEE009CA1E4 /* Debug */,
				BC03608D20A53BEE009CA1E4 /* Release */,
			);
			defaultConfigurationIsVisible = 0;
			defaultConfigurationName = Release;
		};
		BC03608E20A53BEE009CA1E4 /* Build configuration list for PBXNativeTarget "TreeTableViewTests" */ = {
			isa = XCConfigurationList;
			buildConfigurations = (
				BC03608F20A53BEE009CA1E4 /* Debug */,
				BC03609020A53BEE009CA1E4 /* Release */,
			);
			defaultConfigurationIsVisible = 0;
			defaultConfigurationName = Release;
		};
		BC03609120A53BEE009CA1E4 /* Build configuration list for PBXNativeTarget "TreeTableViewUITests" */ = {
			isa = XCConfigurationList;
			buildConfigurations = (
				BC03609220A53BEE009CA1E4 /* Debug */,
				BC03609320A53BEE009CA1E4 /* Release */,
			);
			defaultConfigurationIsVisible = 0;
			defaultConfigurationName = Release;
		};
/* End XCConfigurationList section */
	};
	rootObject = BC03605720A53BEC009CA1E4 /* Project object */;
}
